
Microsoft Visual Studio Solution File, Format Version 12.00
Project("{FAE04EC0-301F-11D3-BF4B-00C04F79EFBC}") = "image-labeller", "image-labeller\image-labeller.csproj", "{20433ACD-04CE-43CE-B1B5-BC4220106215}"
EndProject
Global
	GlobalSection(SolutionConfigurationPlatforms) = preSolution
		Debug|Any CPU = Debug|Any CPU
		Release|Any CPU = Release|Any CPU
	EndGlobalSection
	GlobalSection(ProjectConfigurationPlatforms) = postSolution
		{20433ACD-04CE-43CE-B1B5-BC4220106215}.Debug|Any CPU.ActiveCfg = Debug|Any CPU
		{20433ACD-04CE-43CE-B1B5-BC4220106215}.Debug|Any CPU.Build.0 = Debug|Any CPU
		{20433ACD-04CE-43CE-B1B5-BC4220106215}.Release|Any CPU.ActiveCfg = Release|Any CPU
		{20433ACD-04CE-43CE-B1B5-BC4220106215}.Release|Any CPU.Build.0 = Release|Any CPU
	EndGlobalSection
EndGlobal
